// !$*UTF8*$!
{
	archiveVersion = 1;
	classes = {
	};
	objectVersion = 50;
	objects = {

/* Begin PBXBuildFile section */
		8C590E052649D05300A567BD /* AppDelegate.m in Sources */ = {isa = PBXBuildFile; fileRef = 8C590E042649D05300A567BD /* AppDelegate.m */; };
		8C590E082649D05300A567BD /* SceneDelegate.m in Sources */ = {isa = PBXBuildFile; fileRef = 8C590E072649D05300A567BD /* SceneDelegate.m */; };
		8C590E0B2649D05300A567BD /* ViewController.m in Sources */ = {isa = PBXBuildFile; fileRef = 8C590E0A2649D05300A567BD /* ViewController.m */; };
		8C590E0E2649D05300A567BD /* Main.storyboard in Resources */ = {isa = PBXBuildFile; fileRef = 8C590E0C2649D05300A567BD /* Main.storyboard */; };
		8C590E102649D05C00A567BD /* Assets.xcassets in Resources */ = {isa = PBXBuildFile; fileRef = 8C590E0F2649D05C00A567BD /* Assets.xcassets */; };
		8C590E132649D05C00A567BD /* LaunchScreen.storyboard in Resources */ = {isa = PBXBuildFile; fileRef = 8C590E112649D05C00A567BD /* LaunchScreen.storyboard */; };
		8C590E162649D05C00A567BD /* main.m in Sources */ = {isa = PBXBuildFile; fileRef = 8C590E152649D05C00A567BD /* main.m */; };
		8C590E202649D05E00A567BD /* obj_c_task1Tests.m in Sources */ = {isa = PBXBuildFile; fileRef = 8C590E1F2649D05E00A567BD /* obj_c_task1Tests.m */; };
		8C590E2B2649D05E00A567BD /* obj_c_task1UITests.m in Sources */ = {isa = PBXBuildFile; fileRef = 8C590E2A2649D05E00A567BD /* obj_c_task1UITests.m */; };
/* End PBXBuildFile section */

/* Begin PBXContainerItemProxy section */
		8C590E1C2649D05E00A567BD /* PBXContainerItemProxy */ = {
			isa = PBXContainerItemProxy;
			containerPortal = 8C590DF82649D05200A567BD /* Project object */;
			proxyType = 1;
			remoteGlobalIDString = 8C590DFF2649D05300A567BD;
			remoteInfo = obj_c_task1;
		};
		8C590E272649D05E00A567BD /* PBXContainerItemProxy */ = {
			isa = PBXContainerItemProxy;
			containerPortal = 8C590DF82649D05200A567BD /* Project object */;
			proxyType = 1;
			remoteGlobalIDString = 8C590DFF2649D05300A567BD;
			remoteInfo = obj_c_task1;
		};
/* End PBXContainerItemProxy section */

/* Begin PBXFileReference section */
		8C590E002649D05300A567BD /* obj_c_task1.app */ = {isa = PBXFileReference; explicitFileType = wrapper.application; includeInIndex = 0; path = obj_c_task1.app; sourceTree = BUILT_PRODUCTS_DIR; };
		8C590E032649D05300A567BD /* AppDelegate.h */ = {isa = PBXFileReference; lastKnownFileType = sourcecode.c.h; path = AppDelegate.h; sourceTree = "<group>"; };
		8C590E042649D05300A567BD /* AppDelegate.m */ = {isa = PBXFileReference; lastKnownFileType = sourcecode.c.objc; path = AppDelegate.m; sourceTree = "<group>"; };
		8C590E062649D05300A567BD /* SceneDelegate.h */ = {isa = PBXFileReference; lastKnownFileType = sourcecode.c.h; path = SceneDelegate.h; sourceTree = "<group>"; };
		8C590E072649D05300A567BD /* SceneDelegate.m */ = {isa = PBXFileReference; lastKnownFileType = sourcecode.c.objc; path = SceneDelegate.m; sourceTree = "<group>"; };
		8C590E092649D05300A567BD /* ViewController.h */ = {isa = PBXFileReference; lastKnownFileType = sourcecode.c.h; path = ViewController.h; sourceTree = "<group>"; };
		8C590E0A2649D05300A567BD /* ViewController.m */ = {isa = PBXFileReference; lastKnownFileType = sourcecode.c.objc; path = ViewController.m; sourceTree = "<group>"; };
		8C590E0D2649D05300A567BD /* Base */ = {isa = PBXFileReference; lastKnownFileType = file.storyboard; name = Base; path = Base.lproj/Main.storyboard; sourceTree = "<group>"; };
		8C590E0F2649D05C00A567BD /* Assets.xcassets */ = {isa = PBXFileReference; lastKnownFileType = folder.assetcatalog; path = Assets.xcassets; sourceTree = "<group>"; };
		8C590E122649D05C00A567BD /* Base */ = {isa = PBXFileReference; lastKnownFileType = file.storyboard; name = Base; path = Base.lproj/LaunchScreen.storyboard; sourceTree = "<group>"; };
		8C590E142649D05C00A567BD /* Info.plist */ = {isa = PBXFileReference; lastKnownFileType = text.plist.xml; path = Info.plist; sourceTree = "<group>"; };
		8C590E152649D05C00A567BD /* main.m */ = {isa = PBXFileReference; lastKnownFileType = sourcecode.c.objc; path = main.m; sourceTree = "<group>"; };
		8C590E1B2649D05E00A567BD /* obj_c_task1Tests.xctest */ = {isa = PBXFileReference; explicitFileType = wrapper.cfbundle; includeInIndex = 0; path = obj_c_task1Tests.xctest; sourceTree = BUILT_PRODUCTS_DIR; };
		8C590E1F2649D05E00A567BD /* obj_c_task1Tests.m */ = {isa = PBXFileReference; lastKnownFileType = sourcecode.c.objc; path = obj_c_task1Tests.m; sourceTree = "<group>"; };
		8C590E212649D05E00A567BD /* Info.plist */ = {isa = PBXFileReference; lastKnownFileType = text.plist.xml; path = Info.plist; sourceTree = "<group>"; };
		8C590E262649D05E00A567BD /* obj_c_task1UITests.xctest */ = {isa = PBXFileReference; explicitFileType = wrapper.cfbundle; includeInIndex = 0; path = obj_c_task1UITests.xctest; sourceTree = BUILT_PRODUCTS_DIR; };
		8C590E2A2649D05E00A567BD /* obj_c_task1UITests.m */ = {isa = PBXFileReference; lastKnownFileType = sourcecode.c.objc; path = obj_c_task1UITests.m; sourceTree = "<group>"; };
		8C590E2C2649D05E00A567BD /* Info.plist */ = {isa = PBXFileReference; lastKnownFileType = text.plist.xml; path = Info.plist; sourceTree = "<group>"; };
/* End PBXFileReference section */

/* Begin PBXFrameworksBuildPhase section */
		8C590DFD2649D05300A567BD /* Frameworks */ = {
			isa = PBXFrameworksBuildPhase;
			buildActionMask = 2147483647;
			files = (
			);
			runOnlyForDeploymentPostprocessing = 0;
		};
		8C590E182649D05E00A567BD /* Frameworks */ = {
			isa = PBXFrameworksBuildPhase;
			buildActionMask = 2147483647;
			files = (
			);
			runOnlyForDeploymentPostprocessing = 0;
		};
		8C590E232649D05E00A567BD /* Frameworks */ = {
			isa = PBXFrameworksBuildPhase;
			buildActionMask = 2147483647;
			files = (
			);
			runOnlyForDeploymentPostprocessing = 0;
		};
/* End PBXFrameworksBuildPhase section */

/* Begin PBXGroup section */
		8C590DF72649D05200A567BD = {
			isa = PBXGroup;
			children = (
				8C590E022649D05300A567BD /* obj_c_task1 */,
				8C590E1E2649D05E00A567BD /* obj_c_task1Tests */,
				8C590E292649D05E00A567BD /* obj_c_task1UITests */,
				8C590E012649D05300A567BD /* Products */,
			);
			sourceTree = "<group>";
		};
		8C590E012649D05300A567BD /* Products */ = {
			isa = PBXGroup;
			children = (
				8C590E002649D05300A567BD /* obj_c_task1.app */,
				8C590E1B2649D05E00A567BD /* obj_c_task1Tests.xctest */,
				8C590E262649D05E00A567BD /* obj_c_task1UITests.xctest */,
			);
			name = Products;
			sourceTree = "<group>";
		};
		8C590E022649D05300A567BD /* obj_c_task1 */ = {
			isa = PBXGroup;
			children = (
				8C590E032649D05300A567BD /* AppDelegate.h */,
				8C590E042649D05300A567BD /* AppDelegate.m */,
				8C590E062649D05300A567BD /* SceneDelegate.h */,
				8C590E072649D05300A567BD /* SceneDelegate.m */,
				8C590E092649D05300A567BD /* ViewController.h */,
				8C590E0A2649D05300A567BD /* ViewController.m */,
				8C590E0C2649D05300A567BD /* Main.storyboard */,
				8C590E0F2649D05C00A567BD /* Assets.xcassets */,
				8C590E112649D05C00A567BD /* LaunchScreen.storyboard */,
				8C590E142649D05C00A567BD /* Info.plist */,
				8C590E152649D05C00A567BD /* main.m */,
			);
			path = obj_c_task1;
			sourceTree = "<group>";
		};
		8C590E1E2649D05E00A567BD /* obj_c_task1Tests */ = {
			isa = PBXGroup;
			children = (
				8C590E1F2649D05E00A567BD /* obj_c_task1Tests.m */,
				8C590E212649D05E00A567BD /* Info.plist */,
			);
			path = obj_c_task1Tests;
			sourceTree = "<group>";
		};
		8C590E292649D05E00A567BD /* obj_c_task1UITests */ = {
			isa = PBXGroup;
			children = (
				8C590E2A2649D05E00A567BD /* obj_c_task1UITests.m */,
				8C590E2C2649D05E00A567BD /* Info.plist */,
			);
			path = obj_c_task1UITests;
			sourceTree = "<group>";
		};
/* End PBXGroup section */

/* Begin PBXNativeTarget section */
		8C590DFF2649D05300A567BD /* obj_c_task1 */ = {
			isa = PBXNativeTarget;
			buildConfigurationList = 8C590E2F2649D05E00A567BD /* Build configuration list for PBXNativeTarget "obj_c_task1" */;
			buildPhases = (
				8C590DFC2649D05300A567BD /* Sources */,
				8C590DFD2649D05300A567BD /* Frameworks */,
				8C590DFE2649D05300A567BD /* Resources */,
			);
			buildRules = (
			);
			dependencies = (
			);
			name = obj_c_task1;
			productName = obj_c_task1;
			productReference = 8C590E002649D05300A567BD /* obj_c_task1.app */;
			productType = "com.apple.product-type.application";
		};
		8C590E1A2649D05E00A567BD /* obj_c_task1Tests */ = {
			isa = PBXNativeTarget;
			buildConfigurationList = 8C590E322649D05E00A567BD /* Build configuration list for PBXNativeTarget "obj_c_task1Tests" */;
			buildPhases = (
				8C590E172649D05E00A567BD /* Sources */,
				8C590E182649D05E00A567BD /* Frameworks */,
				8C590E192649D05E00A567BD /* Resources */,
			);
			buildRules = (
			);
			dependencies = (
				8C590E1D2649D05E00A567BD /* PBXTargetDependency */,
			);
			name = obj_c_task1Tests;
			productName = obj_c_task1Tests;
			productReference = 8C590E1B2649D05E00A567BD /* obj_c_task1Tests.xctest */;
			productType = "com.apple.product-type.bundle.unit-test";
		};
		8C590E252649D05E00A567BD /* obj_c_task1UITests */ = {
			isa = PBXNativeTarget;
			buildConfigurationList = 8C590E352649D05E00A567BD /* Build configuration list for PBXNativeTarget "obj_c_task1UITests" */;
			buildPhases = (
				8C590E222649D05E00A567BD /* Sources */,
				8C590E232649D05E00A567BD /* Frameworks */,
				8C590E242649D05E00A567BD /* Resources */,
			);
			buildRules = (
			);
			dependencies = (
				8C590E282649D05E00A567BD /* PBXTargetDependency */,
			);
			name = obj_c_task1UITests;
			productName = obj_c_task1UITests;
			productReference = 8C590E262649D05E00A567BD /* obj_c_task1UITests.xctest */;
			productType = "com.apple.product-type.bundle.ui-testing";
		};
/* End PBXNativeTarget section */

/* Begin PBXProject section */
		8C590DF82649D05200A567BD /* Project object */ = {
			isa = PBXProject;
			attributes = {
				LastUpgradeCheck = 1200;
				TargetAttributes = {
					8C590DFF2649D05300A567BD = {
						CreatedOnToolsVersion = 12.0.1;
					};
					8C590E1A2649D05E00A567BD = {
						CreatedOnToolsVersion = 12.0.1;
						TestTargetID = 8C590DFF2649D05300A567BD;
					};
					8C590E252649D05E00A567BD = {
						CreatedOnToolsVersion = 12.0.1;
						TestTargetID = 8C590DFF2649D05300A567BD;
					};
				};
			};
			buildConfigurationList = 8C590DFB2649D05200A567BD /* Build configuration list for PBXProject "obj_c_task1" */;
			compatibilityVersion = "Xcode 9.3";
			developmentRegion = en;
			hasScannedForEncodings = 0;
			knownRegions = (
				en,
				Base,
			);
			mainGroup = 8C590DF72649D05200A567BD;
			productRefGroup = 8C590E012649D05300A567BD /* Products */;
			projectDirPath = "";
			projectRoot = "";
			targets = (
				8C590DFF2649D05300A567BD /* obj_c_task1 */,
				8C590E1A2649D05E00A567BD /* obj_c_task1Tests */,
				8C590E252649D05E00A567BD /* obj_c_task1UITests */,
			);
		};
/* End PBXProject section */

/* Begin PBXResourcesBuildPhase section */
		8C590DFE2649D05300A567BD /* Resources */ = {
			isa = PBXResourcesBuildPhase;
			buildActionMask = 2147483647;
			files = (
				8C590E132649D05C00A567BD /* LaunchScreen.storyboard in Resources */,
				8C590E102649D05C00A567BD /* Assets.xcassets in Resources */,
				8C590E0E2649D05300A567BD /* Main.storyboard in Resources */,
			);
			runOnlyForDeploymentPostprocessing = 0;
		};
		8C590E192649D05E00A567BD /* Resources */ = {
			isa = PBXResourcesBuildPhase;
			buildActionMask = 2147483647;
			files = (
			);
			runOnlyForDeploymentPostprocessing = 0;
		};
		8C590E242649D05E00A567BD /* Resources */ = {
			isa = PBXResourcesBuildPhase;
			buildActionMask = 2147483647;
			files = (
			);
			runOnlyForDeploymentPostprocessing = 0;
		};
/* End PBXResourcesBuildPhase section */

/* Begin PBXSourcesBuildPhase section */
		8C590DFC2649D05300A567BD /* Sources */ = {
			isa = PBXSourcesBuildPhase;
			buildActionMask = 2147483647;
			files = (
				8C590E0B2649D05300A567BD /* ViewController.m in Sources */,
				8C590E052649D05300A567BD /* AppDelegate.m in Sources */,
				8C590E162649D05C00A567BD /* main.m in Sources */,
				8C590E082649D05300A567BD /* SceneDelegate.m in Sources */,
			);
			runOnlyForDeploymentPostprocessing = 0;
		};
		8C590E172649D05E00A567BD /* Sources */ = {
			isa = PBXSourcesBuildPhase;
			buildActionMask = 2147483647;
			files = (
				8C590E202649D05E00A567BD /* obj_c_task1Tests.m in Sources */,
			);
			runOnlyForDeploymentPostprocessing = 0;
		};
		8C590E222649D05E00A567BD /* Sources */ = {
			isa = PBXSourcesBuildPhase;
			buildActionMask = 2147483647;
			files = (
				8C590E2B2649D05E00A567BD /* obj_c_task1UITests.m in Sources */,
			);
			runOnlyForDeploymentPostprocessing = 0;
		};
/* End PBXSourcesBuildPhase section */

/* Begin PBXTargetDependency section */
		8C590E1D2649D05E00A567BD /* PBXTargetDependency */ = {
			isa = PBXTargetDependency;
			target = 8C590DFF2649D05300A567BD /* obj_c_task1 */;
			targetProxy = 8C590E1C2649D05E00A567BD /* PBXContainerItemProxy */;
		};
		8C590E282649D05E00A567BD /* PBXTargetDependency */ = {
			isa = PBXTargetDependency;
			target = 8C590DFF2649D05300A567BD /* obj_c_task1 */;
			targetProxy = 8C590E272649D05E00A567BD /* PBXContainerItemProxy */;
		};
/* End PBXTargetDependency section */

/* Begin PBXVariantGroup section */
		8C590E0C2649D05300A567BD /* Main.storyboard */ = {
			isa = PBXVariantGroup;
			children = (
				8C590E0D2649D05300A567BD /* Base */,
			);
			name = Main.storyboard;
			sourceTree = "<group>";
		};
		8C590E112649D05C00A567BD /* LaunchScreen.storyboard */ = {
			isa = PBXVariantGroup;
			children = (
				8C590E122649D05C00A567BD /* Base */,
			);
			name = LaunchScreen.storyboard;
			sourceTree = "<group>";
		};
/* End PBXVariantGroup section */

/* Begin XCBuildConfiguration section */
		8C590E2D2649D05E00A567BD /* Debug */ = {
			isa = XCBuildConfiguration;
			buildSettings = {
				ALWAYS_SEARCH_USER_PATHS = NO;
				CLANG_ANALYZER_NONNULL = YES;
				CLANG_ANALYZER_NUMBER_OBJECT_CONVERSION = YES_AGGRESSIVE;
				CLANG_CXX_LANGUAGE_STANDARD = "gnu++14";
				CLANG_CXX_LIBRARY = "libc++";
				CLANG_ENABLE_MODULES = YES;
				CLANG_ENABLE_OBJC_ARC = YES;
				CLANG_ENABLE_OBJC_WEAK = YES;
				CLANG_WARN_BLOCK_CAPTURE_AUTORELEASING = YES;
				CLANG_WARN_BOOL_CONVERSION = YES;
				CLANG_WARN_COMMA = YES;
				CLANG_WARN_CONSTANT_CONVERSION = YES;
				CLANG_WARN_DEPRECATED_OBJC_IMPLEMENTATIONS = YES;
				CLANG_WARN_DIRECT_OBJC_ISA_USAGE = YES_ERROR;
				CLANG_WARN_DOCUMENTATION_COMMENTS = YES;
				CLANG_WARN_EMPTY_BODY = YES;
				CLANG_WARN_ENUM_CONVERSION = YES;
				CLANG_WARN_INFINITE_RECURSION = YES;
				CLANG_WARN_INT_CONVERSION = YES;
				CLANG_WARN_NON_LITERAL_NULL_CONVERSION = YES;
				CLANG_WARN_OBJC_IMPLICIT_RETAIN_SELF = YES;
				CLANG_WARN_OBJC_LITERAL_CONVERSION = YES;
				CLANG_WARN_OBJC_ROOT_CLASS = YES_ERROR;
				CLANG_WARN_QUOTED_INCLUDE_IN_FRAMEWORK_HEADER = YES;
				CLANG_WARN_RANGE_LOOP_ANALYSIS = YES;
				CLANG_WARN_STRICT_PROTOTYPES = YES;
				CLANG_WARN_SUSPICIOUS_MOVE = YES;
				CLANG_WARN_UNGUARDED_AVAILABILITY = YES_AGGRESSIVE;
				CLANG_WARN_UNREACHABLE_CODE = YES;
				CLANG_WARN__DUPLICATE_METHOD_MATCH = YES;
				COPY_PHASE_STRIP = NO;
				DEBUG_INFORMATION_FORMAT = dwarf;
				ENABLE_STRICT_OBJC_MSGSEND = YES;
				ENABLE_TESTABILITY = YES;
				GCC_C_LANGUAGE_STANDARD = gnu11;
				GCC_DYNAMIC_NO_PIC = NO;
				GCC_NO_COMMON_BLOCKS = YES;
				GCC_OPTIMIZATION_LEVEL = 0;
				GCC_PREPROCESSOR_DEFINITIONS = (
					"DEBUG=1",
					"$(inherited)",
				);
				GCC_WARN_64_TO_32_BIT_CONVERSION = YES;
				GCC_WARN_ABOUT_RETURN_TYPE = YES_ERROR;
				GCC_WARN_UNDECLARED_SELECTOR = YES;
				GCC_WARN_UNINITIALIZED_AUTOS = YES_AGGRESSIVE;
				GCC_WARN_UNUSED_FUNCTION = YES;
				GCC_WARN_UNUSED_VARIABLE = YES;
				IPHONEOS_DEPLOYMENT_TARGET = 14.0;
				MTL_ENABLE_DEBUG_INFO = INCLUDE_SOURCE;
				MTL_FAST_MATH = YES;
				ONLY_ACTIVE_ARCH = YES;
				SDKROOT = iphoneos;
			};
			name = Debug;
		};
		8C590E2E2649D05E00A567BD /* Release */ = {
			isa = XCBuildConfiguration;
			buildSettings = {
				ALWAYS_SEARCH_USER_PATHS = NO;
				CLANG_ANALYZER_NONNULL = YES;
				CLANG_ANALYZER_NUMBER_OBJECT_CONVERSION = YES_AGGRESSIVE;
				CLANG_CXX_LANGUAGE_STANDARD = "gnu++14";
				CLANG_CXX_LIBRARY = "libc++";
				CLANG_ENABLE_MODULES = YES;
				CLANG_ENABLE_OBJC_ARC = YES;
				CLANG_ENABLE_OBJC_WEAK = YES;
				CLANG_WARN_BLOCK_CAPTURE_AUTORELEASING = YES;
				CLANG_WARN_BOOL_CONVERSION = YES;
				CLANG_WARN_COMMA = YES;
				CLANG_WARN_CONSTANT_CONVERSION = YES;
				CLANG_WARN_DEPRECATED_OBJC_IMPLEMENTATIONS = YES;
				CLANG_WARN_DIRECT_OBJC_ISA_USAGE = YES_ERROR;
				CLANG_WARN_DOCUMENTATION_COMMENTS = YES;
				CLANG_WARN_EMPTY_BODY = YES;
				CLANG_WARN_ENUM_CONVERSION = YES;
				CLANG_WARN_INFINITE_RECURSION = YES;
				CLANG_WARN_INT_CONVERSION = YES;
				CLANG_WARN_NON_LITERAL_NULL_CONVERSION = YES;
				CLANG_WARN_OBJC_IMPLICIT_RETAIN_SELF = YES;
				CLANG_WARN_OBJC_LITERAL_CONVERSION = YES;
				CLANG_WARN_OBJC_ROOT_CLASS = YES_ERROR;
				CLANG_WARN_QUOTED_INCLUDE_IN_FRAMEWORK_HEADER = YES;
				CLANG_WARN_RANGE_LOOP_ANALYSIS = YES;
				CLANG_WARN_STRICT_PROTOTYPES = YES;
				CLANG_WARN_SUSPICIOUS_MOVE = YES;
				CLANG_WARN_UNGUARDED_AVAILABILITY = YES_AGGRESSIVE;
				CLANG_WARN_UNREACHABLE_CODE = YES;
				CLANG_WARN__DUPLICATE_METHOD_MATCH = YES;
				COPY_PHASE_STRIP = NO;
				DEBUG_INFORMATION_FORMAT = "dwarf-with-dsym";
				ENABLE_NS_ASSERTIONS = NO;
				ENABLE_STRICT_OBJC_MSGSEND = YES;
				GCC_C_LANGUAGE_STANDARD = gnu11;
				GCC_NO_COMMON_BLOCKS = YES;
				GCC_WARN_64_TO_32_BIT_CONVERSION = YES;
				GCC_WARN_ABOUT_RETURN_TYPE = YES_ERROR;
				GCC_WARN_UNDECLARED_SELECTOR = YES;
				GCC_WARN_UNINITIALIZED_AUTOS = YES_AGGRESSIVE;
				GCC_WARN_UNUSED_FUNCTION = YES;
				GCC_WARN_UNUSED_VARIABLE = YES;
				IPHONEOS_DEPLOYMENT_TARGET = 14.0;
				MTL_ENABLE_DEBUG_INFO = NO;
				MTL_FAST_MATH = YES;
				SDKROOT = iphoneos;
				VALIDATE_PRODUCT = YES;
			};
			name = Release;
		};
		8C590E302649D05E00A567BD /* Debug */ = {
			isa = XCBuildConfiguration;
			buildSettings = {
				ASSETCATALOG_COMPILER_APPICON_NAME = AppIcon;
				ASSETCATALOG_COMPILER_GLOBAL_ACCENT_COLOR_NAME = AccentColor;
				CODE_SIGN_STYLE = Automatic;
				INFOPLIST_FILE = obj_c_task1/Info.plist;
				LD_RUNPATH_SEARCH_PATHS = (
					"$(inherited)",
					"@executable_path/Frameworks",
				);
				PRODUCT_BUNDLE_IDENTIFIER = "ipacino.com.obj-c-task1";
				PRODUCT_NAME = "$(TARGET_NAME)";
				TARGETED_DEVICE_FAMILY = "1,2";
			};
			name = Debug;
		};
		8C590E312649D05E00A567BD /* Release */ = {
			isa = XCBuildConfiguration;
			buildSettings = {
				ASSETCATALOG_COMPILER_APPICON_NAME = AppIcon;
				ASSETCATALOG_COMPILER_GLOBAL_ACCENT_COLOR_NAME = AccentColor;
				CODE_SIGN_STYLE = Automatic;
				INFOPLIST_FILE = obj_c_task1/Info.plist;
				LD_RUNPATH_SEARCH_PATHS = (
					"$(inherited)",
					"@executable_path/Frameworks",
				);
				PRODUCT_BUNDLE_IDENTIFIER = "ipacino.com.obj-c-task1";
				PRODUCT_NAME = "$(TARGET_NAME)";
				TARGETED_DEVICE_FAMILY = "1,2";
			};
			name = Release;
		};
		8C590E332649D05E00A567BD /* Debug */ = {
			isa = XCBuildConfiguration;
			buildSettings = {
				BUNDLE_LOADER = "$(TEST_HOST)";
				CODE_SIGN_STYLE = Automatic;
				INFOPLIST_FILE = obj_c_task1Tests/Info.plist;
				IPHONEOS_DEPLOYMENT_TARGET = 14.0;
				LD_RUNPATH_SEARCH_PATHS = (
					"$(inherited)",
					"@executable_path/Frameworks",
					"@loader_path/Frameworks",
				);
				PRODUCT_BUNDLE_IDENTIFIER = "ipacino.com.obj-c-task1Tests";
				PRODUCT_NAME = "$(TARGET_NAME)";
				TARGETED_DEVICE_FAMILY = "1,2";
				TEST_HOST = "$(BUILT_PRODUCTS_DIR)/obj_c_task1.app/obj_c_task1";
			};
			name = Debug;
		};
		8C590E342649D05E00A567BD /* Release */ = {
			isa = XCBuildConfiguration;
			buildSettings = {
				BUNDLE_LOADER = "$(TEST_HOST)";
				CODE_SIGN_STYLE = Automatic;
				INFOPLIST_FILE = obj_c_task1Tests/Info.plist;
				IPHONEOS_DEPLOYMENT_TARGET = 14.0;
				LD_RUNPATH_SEARCH_PATHS = (
					"$(inherited)",
					"@executable_path/Frameworks",
					"@loader_path/Frameworks",
				);
				PRODUCT_BUNDLE_IDENTIFIER = "ipacino.com.obj-c-task1Tests";
				PRODUCT_NAME = "$(TARGET_NAME)";
				TARGETED_DEVICE_FAMILY = "1,2";
				TEST_HOST = "$(BUILT_PRODUCTS_DIR)/obj_c_task1.app/obj_c_task1";
			};
			name = Release;
		};
		8C590E362649D05E00A567BD /* Debug */ = {
			isa = XCBuildConfiguration;
			buildSettings = {
				CODE_SIGN_STYLE = Automatic;
				INFOPLIST_FILE = obj_c_task1UITests/Info.plist;
				LD_RUNPATH_SEARCH_PATHS = (
					"$(inherited)",
					"@executable_path/Frameworks",
					"@loader_path/Frameworks",
				);
				PRODUCT_BUNDLE_IDENTIFIER = "ipacino.com.obj-c-task1UITests";
				PRODUCT_NAME = "$(TARGET_NAME)";
				TARGETED_DEVICE_FAMILY = "1,2";
				TEST_TARGET_NAME = obj_c_task1;
			};
			name = Debug;
		};
		8C590E372649D05E00A567BD /* Release */ = {
			isa = XCBuildConfiguration;
			buildSettings = {
				CODE_SIGN_STYLE = Automatic;
				INFOPLIST_FILE = obj_c_task1UITests/Info.plist;
				LD_RUNPATH_SEARCH_PATHS = (
					"$(inherited)",
					"@executable_path/Frameworks",
					"@loader_path/Frameworks",
				);
				PRODUCT_BUNDLE_IDENTIFIER = "ipacino.com.obj-c-task1UITests";
				PRODUCT_NAME = "$(TARGET_NAME)";
				TARGETED_DEVICE_FAMILY = "1,2";
				TEST_TARGET_NAME = obj_c_task1;
			};
			name = Release;
		};
/* End XCBuildConfiguration section */

/* Begin XCConfigurationList section */
		8C590DFB2649D05200A567BD /* Build configuration list for PBXProject "obj_c_task1" */ = {
			isa = XCConfigurationList;
			buildConfigurations = (
				8C590E2D2649D05E00A567BD /* Debug */,
				8C590E2E2649D05E00A567BD /* Release */,
			);
			defaultConfigurationIsVisible = 0;
			defaultConfigurationName = Release;
		};
		8C590E2F2649D05E00A567BD /* Build configuration list for PBXNativeTarget "obj_c_task1" */ = {
			isa = XCConfigurationList;
			buildConfigurations = (
				8C590E302649D05E00A567BD /* Debug */,
				8C590E312649D05E00A567BD /* Release */,
			);
			defaultConfigurationIsVisible = 0;
			defaultConfigurationName = Release;
		};
		8C590E322649D05E00A567BD /* Build configuration list for PBXNativeTarget "obj_c_task1Tests" */ = {
			isa = XCConfigurationList;
			buildConfigurations = (
				8C590E332649D05E00A567BD /* Debug */,
				8C590E342649D05E00A567BD /* Release */,
			);
			defaultConfigurationIsVisible = 0;
			defaultConfigurationName = Release;
		};
		8C590E352649D05E00A567BD /* Build configuration list for PBXNativeTarget "obj_c_task1UITests" */ = {
			isa = XCConfigurationList;
			buildConfigurations = (
				8C590E362649D05E00A567BD /* Debug */,
				8C590E372649D05E00A567BD /* Release */,
			);
			defaultConfigurationIsVisible = 0;
			defaultConfigurationName = Release;
		};
/* End XCConfigurationList section */
	};
	rootObject = 8C590DF82649D05200A567BD /* Project object */;
}
